
Microsoft Visual Studio Solution File, Format Version 12.00
# Visual Studio 15
VisualStudioVersion = 15.0.27428.2043
MinimumVisualStudioVersion = 10.0.40219.1
Project("{2150E333-8FDC-42A3-9474-1A3956D46DE8}") = "0 - Presentation", "0 - Presentation", "{FCA4C5A0-D551-4C7D-99A4-0A3646B6A581}"
EndProject
Project("{2150E333-8FDC-42A3-9474-1A3956D46DE8}") = "1 - Services", "1 - Services", "{0F5F6A67-0F4C-494A-83E5-5A813C7EE4C0}"
EndProject
Project("{2150E333-8FDC-42A3-9474-1A3956D46DE8}") = "2 - Application", "2 - Application", "{655B3EB6-3D49-415C-B3ED-47D6756E4691}"
EndProject
Project("{2150E333-8FDC-42A3-9474-1A3956D46DE8}") = "3 - Domain", "3 - Domain", "{3682DF71-7C56-4EEF-B688-76701A9626CE}"
EndProject
Project("{2150E333-8FDC-42A3-9474-1A3956D46DE8}") = "4 - Infrastructure", "4 - Infrastructure", "{902C128A-921E-423D-890A-AE27FD7F9C61}"
EndProject
Project("{2150E333-8FDC-42A3-9474-1A3956D46DE8}") = "Mobile", "Mobile", "{DDBEA19E-1CB5-4BFF-9488-5E0682085CC1}"
EndProject
Project("{9A19103F-16F7-4668-BE54-9A1E7A4F7556}") = "ApplicationService", "ApplicationService\ApplicationService.csproj", "{B4C74547-51FA-4EDB-BBC1-9B78E9319F1C}"
EndProject
Project("{9A19103F-16F7-4668-BE54-9A1E7A4F7556}") = "DomainModel", "DomainModel\DomainModel.csproj", "{9A1F78CD-2673-4290-90D0-7B8386176EE5}"
EndProject
Project("{9A19103F-16F7-4668-BE54-9A1E7A4F7556}") = "DomainService", "DomainService\DomainService.csproj", "{9B46DFF8-C48C-4287-AB0B-95A530F000CC}"
EndProject
Project("{9A19103F-16F7-4668-BE54-9A1E7A4F7556}") = "Data", "Data\Data.csproj", "{EBC5C14E-0421-4DA2-B936-763A5C244C73}"
EndProject
Project("{FAE04EC0-301F-11D3-BF4B-00C04F79EFBC}") = "RestGoogle", "RestGoogle\RestGoogle.csproj", "{04635CA3-CAAE-4BBA-95E2-FDD1094E0F0B}"
EndProject
Project("{2150E333-8FDC-42A3-9474-1A3956D46DE8}") = "Winforms", "Winforms", "{00EACAED-6383-4EDD-B060-DC59D5547FC3}"
EndProject
Project("{FAE04EC0-301F-11D3-BF4B-00C04F79EFBC}") = "APPTest", "APPTest\APPTest.csproj", "{914B484E-7103-468A-8B66-C408460832F0}"
EndProject
Project("{FAE04EC0-301F-11D3-BF4B-00C04F79EFBC}") = "SearchRestaurantMobile.Android", "SearchRestaurantMobile\SearchRestaurantMobile.Android\SearchRestaurantMobile.Android.csproj", "{A0991CF6-5C0A-4BE0-BD0F-233DCC3D5A61}"
EndProject
Project("{FAE04EC0-301F-11D3-BF4B-00C04F79EFBC}") = "SearchRestaurantMobile.iOS", "SearchRestaurantMobile\SearchRestaurantMobile.iOS\SearchRestaurantMobile.iOS.csproj", "{169537B7-6E58-4F7D-AE11-C637A690475E}"
EndProject
Project("{FAE04EC0-301F-11D3-BF4B-00C04F79EFBC}") = "SearchRestaurantMobile.UWP", "SearchRestaurantMobile\SearchRestaurantMobile.UWP\SearchRestaurantMobile.UWP.csproj", "{56030003-7F1A-4861-9FDC-B35AD8DFA35E}"
EndProject
Project("{9A19103F-16F7-4668-BE54-9A1E7A4F7556}") = "SearchRestaurantMobile", "SearchRestaurantMobile\SearchRestaurantMobile\SearchRestaurantMobile.csproj", "{FABB463B-09B2-402E-9DCB-575CB8248275}"
EndProject
Global
	GlobalSection(SolutionConfigurationPlatforms) = preSolution
		Ad-Hoc|Any CPU = Ad-Hoc|Any CPU
		Ad-Hoc|ARM = Ad-Hoc|ARM
		Ad-Hoc|iPhone = Ad-Hoc|iPhone
		Ad-Hoc|iPhoneSimulator = Ad-Hoc|iPhoneSimulator
		Ad-Hoc|x64 = Ad-Hoc|x64
		Ad-Hoc|x86 = Ad-Hoc|x86
		AppStore|Any CPU = AppStore|Any CPU
		AppStore|ARM = AppStore|ARM
		AppStore|iPhone = AppStore|iPhone
		AppStore|iPhoneSimulator = AppStore|iPhoneSimulator
		AppStore|x64 = AppStore|x64
		AppStore|x86 = AppStore|x86
		Debug|Any CPU = Debug|Any CPU
		Debug|ARM = Debug|ARM
		Debug|iPhone = Debug|iPhone
		Debug|iPhoneSimulator = Debug|iPhoneSimulator
		Debug|x64 = Debug|x64
		Debug|x86 = Debug|x86
		Release|Any CPU = Release|Any CPU
		Release|ARM = Release|ARM
		Release|iPhone = Release|iPhone
		Release|iPhoneSimulator = Release|iPhoneSimulator
		Release|x64 = Release|x64
		Release|x86 = Release|x86
	EndGlobalSection
	GlobalSection(ProjectConfigurationPlatforms) = postSolution
		{B4C74547-51FA-4EDB-BBC1-9B78E9319F1C}.Ad-Hoc|Any CPU.ActiveCfg = Debug|Any CPU
		{B4C74547-51FA-4EDB-BBC1-9B78E9319F1C}.Ad-Hoc|Any CPU.Build.0 = Debug|Any CPU
		{B4C74547-51FA-4EDB-BBC1-9B78E9319F1C}.Ad-Hoc|ARM.ActiveCfg = Debug|Any CPU
		{B4C74547-51FA-4EDB-BBC1-9B78E9319F1C}.Ad-Hoc|ARM.Build.0 = Debug|Any CPU
		{B4C74547-51FA-4EDB-BBC1-9B78E9319F1C}.Ad-Hoc|iPhone.ActiveCfg = Debug|Any CPU
		{B4C74547-51FA-4EDB-BBC1-9B78E9319F1C}.Ad-Hoc|iPhone.Build.0 = Debug|Any CPU
		{B4C74547-51FA-4EDB-BBC1-9B78E9319F1C}.Ad-Hoc|iPhoneSimulator.ActiveCfg = Debug|Any CPU
		{B4C74547-51FA-4EDB-BBC1-9B78E9319F1C}.Ad-Hoc|iPhoneSimulator.Build.0 = Debug|Any CPU
		{B4C74547-51FA-4EDB-BBC1-9B78E9319F1C}.Ad-Hoc|x64.ActiveCfg = Debug|Any CPU
		{B4C74547-51FA-4EDB-BBC1-9B78E9319F1C}.Ad-Hoc|x64.Build.0 = Debug|Any CPU
		{B4C74547-51FA-4EDB-BBC1-9B78E9319F1C}.Ad-Hoc|x86.ActiveCfg = Debug|Any CPU
		{B4C74547-51FA-4EDB-BBC1-9B78E9319F1C}.Ad-Hoc|x86.Build.0 = Debug|Any CPU
		{B4C74547-51FA-4EDB-BBC1-9B78E9319F1C}.AppStore|Any CPU.ActiveCfg = Debug|Any CPU
		{B4C74547-51FA-4EDB-BBC1-9B78E9319F1C}.AppStore|Any CPU.Build.0 = Debug|Any CPU
		{B4C74547-51FA-4EDB-BBC1-9B78E9319F1C}.AppStore|ARM.ActiveCfg = Debug|Any CPU
		{B4C74547-51FA-4EDB-BBC1-9B78E9319F1C}.AppStore|ARM.Build.0 = Debug|Any CPU
		{B4C74547-51FA-4EDB-BBC1-9B78E9319F1C}.AppStore|iPhone.ActiveCfg = Debug|Any CPU
		{B4C74547-51FA-4EDB-BBC1-9B78E9319F1C}.AppStore|iPhone.Build.0 = Debug|Any CPU
		{B4C74547-51FA-4EDB-BBC1-9B78E9319F1C}.AppStore|iPhoneSimulator.ActiveCfg = Debug|Any CPU
		{B4C74547-51FA-4EDB-BBC1-9B78E9319F1C}.AppStore|iPhoneSimulator.Build.0 = Debug|Any CPU
		{B4C74547-51FA-4EDB-BBC1-9B78E9319F1C}.AppStore|x64.ActiveCfg = Debug|Any CPU
		{B4C74547-51FA-4EDB-BBC1-9B78E9319F1C}.AppStore|x64.Build.0 = Debug|Any CPU
		{B4C74547-51FA-4EDB-BBC1-9B78E9319F1C}.AppStore|x86.ActiveCfg = Debug|Any CPU
		{B4C74547-51FA-4EDB-BBC1-9B78E9319F1C}.AppStore|x86.Build.0 = Debug|Any CPU
		{B4C74547-51FA-4EDB-BBC1-9B78E9319F1C}.Debug|Any CPU.ActiveCfg = Debug|Any CPU
		{B4C74547-51FA-4EDB-BBC1-9B78E9319F1C}.Debug|Any CPU.Build.0 = Debug|Any CPU
		{B4C74547-51FA-4EDB-BBC1-9B78E9319F1C}.Debug|ARM.ActiveCfg = Debug|Any CPU
		{B4C74547-51FA-4EDB-BBC1-9B78E9319F1C}.Debug|ARM.Build.0 = Debug|Any CPU
		{B4C74547-51FA-4EDB-BBC1-9B78E9319F1C}.Debug|iPhone.ActiveCfg = Debug|Any CPU
		{B4C74547-51FA-4EDB-BBC1-9B78E9319F1C}.Debug|iPhone.Build.0 = Debug|Any CPU
		{B4C74547-51FA-4EDB-BBC1-9B78E9319F1C}.Debug|iPhoneSimulator.ActiveCfg = Debug|Any CPU
		{B4C74547-51FA-4EDB-BBC1-9B78E9319F1C}.Debug|iPhoneSimulator.Build.0 = Debug|Any CPU
		{B4C74547-51FA-4EDB-BBC1-9B78E9319F1C}.Debug|x64.ActiveCfg = Debug|Any CPU
		{B4C74547-51FA-4EDB-BBC1-9B78E9319F1C}.Debug|x64.Build.0 = Debug|Any CPU
		{B4C74547-51FA-4EDB-BBC1-9B78E9319F1C}.Debug|x86.ActiveCfg = Debug|Any CPU
		{B4C74547-51FA-4EDB-BBC1-9B78E9319F1C}.Debug|x86.Build.0 = Debug|Any CPU
		{B4C74547-51FA-4EDB-BBC1-9B78E9319F1C}.Release|Any CPU.ActiveCfg = Release|Any CPU
		{B4C74547-51FA-4EDB-BBC1-9B78E9319F1C}.Release|Any CPU.Build.0 = Release|Any CPU
		{B4C74547-51FA-4EDB-BBC1-9B78E9319F1C}.Release|ARM.ActiveCfg = Release|Any CPU
		{B4C74547-51FA-4EDB-BBC1-9B78E9319F1C}.Release|ARM.Build.0 = Release|Any CPU
		{B4C74547-51FA-4EDB-BBC1-9B78E9319F1C}.Release|iPhone.ActiveCfg = Release|Any CPU
		{B4C74547-51FA-4EDB-BBC1-9B78E9319F1C}.Release|iPhone.Build.0 = Release|Any CPU
		{B4C74547-51FA-4EDB-BBC1-9B78E9319F1C}.Release|iPhoneSimulator.ActiveCfg = Release|Any CPU
		{B4C74547-51FA-4EDB-BBC1-9B78E9319F1C}.Release|iPhoneSimulator.Build.0 = Release|Any CPU
		{B4C74547-51FA-4EDB-BBC1-9B78E9319F1C}.Release|x64.ActiveCfg = Release|Any CPU
		{B4C74547-51FA-4EDB-BBC1-9B78E9319F1C}.Release|x64.Build.0 = Release|Any CPU
		{B4C74547-51FA-4EDB-BBC1-9B78E9319F1C}.Release|x86.ActiveCfg = Release|Any CPU
		{B4C74547-51FA-4EDB-BBC1-9B78E9319F1C}.Release|x86.Build.0 = Release|Any CPU
		{9A1F78CD-2673-4290-90D0-7B8386176EE5}.Ad-Hoc|Any CPU.ActiveCfg = Debug|Any CPU
		{9A1F78CD-2673-4290-90D0-7B8386176EE5}.Ad-Hoc|Any CPU.Build.0 = Debug|Any CPU
		{9A1F78CD-2673-4290-90D0-7B8386176EE5}.Ad-Hoc|ARM.ActiveCfg = Debug|Any CPU
		{9A1F78CD-2673-4290-90D0-7B8386176EE5}.Ad-Hoc|ARM.Build.0 = Debug|Any CPU
		{9A1F78CD-2673-4290-90D0-7B8386176EE5}.Ad-Hoc|iPhone.ActiveCfg = Debug|Any CPU
		{9A1F78CD-2673-4290-90D0-7B8386176EE5}.Ad-Hoc|iPhone.Build.0 = Debug|Any CPU
		{9A1F78CD-2673-4290-90D0-7B8386176EE5}.Ad-Hoc|iPhoneSimulator.ActiveCfg = Debug|Any CPU
		{9A1F78CD-2673-4290-90D0-7B8386176EE5}.Ad-Hoc|iPhoneSimulator.Build.0 = Debug|Any CPU
		{9A1F78CD-2673-4290-90D0-7B8386176EE5}.Ad-Hoc|x64.ActiveCfg = Debug|Any CPU
		{9A1F78CD-2673-4290-90D0-7B8386176EE5}.Ad-Hoc|x64.Build.0 = Debug|Any CPU
		{9A1F78CD-2673-4290-90D0-7B8386176EE5}.Ad-Hoc|x86.ActiveCfg = Debug|Any CPU
		{9A1F78CD-2673-4290-90D0-7B8386176EE5}.Ad-Hoc|x86.Build.0 = Debug|Any CPU
		{9A1F78CD-2673-4290-90D0-7B8386176EE5}.AppStore|Any CPU.ActiveCfg = Debug|Any CPU
		{9A1F78CD-2673-4290-90D0-7B8386176EE5}.AppStore|Any CPU.Build.0 = Debug|Any CPU
		{9A1F78CD-2673-4290-90D0-7B8386176EE5}.AppStore|ARM.ActiveCfg = Debug|Any CPU
		{9A1F78CD-2673-4290-90D0-7B8386176EE5}.AppStore|ARM.Build.0 = Debug|Any CPU
		{9A1F78CD-2673-4290-90D0-7B8386176EE5}.AppStore|iPhone.ActiveCfg = Debug|Any CPU
		{9A1F78CD-2673-4290-90D0-7B8386176EE5}.AppStore|iPhone.Build.0 = Debug|Any CPU
		{9A1F78CD-2673-4290-90D0-7B8386176EE5}.AppStore|iPhoneSimulator.ActiveCfg = Debug|Any CPU
		{9A1F78CD-2673-4290-90D0-7B8386176EE5}.AppStore|iPhoneSimulator.Build.0 = Debug|Any CPU
		{9A1F78CD-2673-4290-90D0-7B8386176EE5}.AppStore|x64.ActiveCfg = Debug|Any CPU
		{9A1F78CD-2673-4290-90D0-7B8386176EE5}.AppStore|x64.Build.0 = Debug|Any CPU
		{9A1F78CD-2673-4290-90D0-7B8386176EE5}.AppStore|x86.ActiveCfg = Debug|Any CPU
		{9A1F78CD-2673-4290-90D0-7B8386176EE5}.AppStore|x86.Build.0 = Debug|Any CPU
		{9A1F78CD-2673-4290-90D0-7B8386176EE5}.Debug|Any CPU.ActiveCfg = Debug|Any CPU
		{9A1F78CD-2673-4290-90D0-7B8386176EE5}.Debug|Any CPU.Build.0 = Debug|Any CPU
		{9A1F78CD-2673-4290-90D0-7B8386176EE5}.Debug|ARM.ActiveCfg = Debug|Any CPU
		{9A1F78CD-2673-4290-90D0-7B8386176EE5}.Debug|ARM.Build.0 = Debug|Any CPU
		{9A1F78CD-2673-4290-90D0-7B8386176EE5}.Debug|iPhone.ActiveCfg = Debug|Any CPU
		{9A1F78CD-2673-4290-90D0-7B8386176EE5}.Debug|iPhone.Build.0 = Debug|Any CPU
		{9A1F78CD-2673-4290-90D0-7B8386176EE5}.Debug|iPhoneSimulator.ActiveCfg = Debug|Any CPU
		{9A1F78CD-2673-4290-90D0-7B8386176EE5}.Debug|iPhoneSimulator.Build.0 = Debug|Any CPU
		{9A1F78CD-2673-4290-90D0-7B8386176EE5}.Debug|x64.ActiveCfg = Debug|Any CPU
		{9A1F78CD-2673-4290-90D0-7B8386176EE5}.Debug|x64.Build.0 = Debug|Any CPU
		{9A1F78CD-2673-4290-90D0-7B8386176EE5}.Debug|x86.ActiveCfg = Debug|Any CPU
		{9A1F78CD-2673-4290-90D0-7B8386176EE5}.Debug|x86.Build.0 = Debug|Any CPU
		{9A1F78CD-2673-4290-90D0-7B8386176EE5}.Release|Any CPU.ActiveCfg = Release|Any CPU
		{9A1F78CD-2673-4290-90D0-7B8386176EE5}.Release|Any CPU.Build.0 = Release|Any CPU
		{9A1F78CD-2673-4290-90D0-7B8386176EE5}.Release|ARM.ActiveCfg = Release|Any CPU
		{9A1F78CD-2673-4290-90D0-7B8386176EE5}.Release|ARM.Build.0 = Release|Any CPU
		{9A1F78CD-2673-4290-90D0-7B8386176EE5}.Release|iPhone.ActiveCfg = Release|Any CPU
		{9A1F78CD-2673-4290-90D0-7B8386176EE5}.Release|iPhone.Build.0 = Release|Any CPU
		{9A1F78CD-2673-4290-90D0-7B8386176EE5}.Release|iPhoneSimulator.ActiveCfg = Release|Any CPU
		{9A1F78CD-2673-4290-90D0-7B8386176EE5}.Release|iPhoneSimulator.Build.0 = Release|Any CPU
		{9A1F78CD-2673-4290-90D0-7B8386176EE5}.Release|x64.ActiveCfg = Release|Any CPU
		{9A1F78CD-2673-4290-90D0-7B8386176EE5}.Release|x64.Build.0 = Release|Any CPU
		{9A1F78CD-2673-4290-90D0-7B8386176EE5}.Release|x86.ActiveCfg = Release|Any CPU
		{9A1F78CD-2673-4290-90D0-7B8386176EE5}.Release|x86.Build.0 = Release|Any CPU
		{9B46DFF8-C48C-4287-AB0B-95A530F000CC}.Ad-Hoc|Any CPU.ActiveCfg = Debug|Any CPU
		{9B46DFF8-C48C-4287-AB0B-95A530F000CC}.Ad-Hoc|Any CPU.Build.0 = Debug|Any CPU
		{9B46DFF8-C48C-4287-AB0B-95A530F000CC}.Ad-Hoc|ARM.ActiveCfg = Debug|Any CPU
		{9B46DFF8-C48C-4287-AB0B-95A530F000CC}.Ad-Hoc|ARM.Build.0 = Debug|Any CPU
		{9B46DFF8-C48C-4287-AB0B-95A530F000CC}.Ad-Hoc|iPhone.ActiveCfg = Debug|Any CPU
		{9B46DFF8-C48C-4287-AB0B-95A530F000CC}.Ad-Hoc|iPhone.Build.0 = Debug|Any CPU
		{9B46DFF8-C48C-4287-AB0B-95A530F000CC}.Ad-Hoc|iPhoneSimulator.ActiveCfg = Debug|Any CPU
		{9B46DFF8-C48C-4287-AB0B-95A530F000CC}.Ad-Hoc|iPhoneSimulator.Build.0 = Debug|Any CPU
		{9B46DFF8-C48C-4287-AB0B-95A530F000CC}.Ad-Hoc|x64.ActiveCfg = Debug|Any CPU
		{9B46DFF8-C48C-4287-AB0B-95A530F000CC}.Ad-Hoc|x64.Build.0 = Debug|Any CPU
		{9B46DFF8-C48C-4287-AB0B-95A530F000CC}.Ad-Hoc|x86.ActiveCfg = Debug|Any CPU
		{9B46DFF8-C48C-4287-AB0B-95A530F000CC}.Ad-Hoc|x86.Build.0 = Debug|Any CPU
		{9B46DFF8-C48C-4287-AB0B-95A530F000CC}.AppStore|Any CPU.ActiveCfg = Debug|Any CPU
		{9B46DFF8-C48C-4287-AB0B-95A530F000CC}.AppStore|Any CPU.Build.0 = Debug|Any CPU
		{9B46DFF8-C48C-4287-AB0B-95A530F000CC}.AppStore|ARM.ActiveCfg = Debug|Any CPU
		{9B46DFF8-C48C-4287-AB0B-95A530F000CC}.AppStore|ARM.Build.0 = Debug|Any CPU
		{9B46DFF8-C48C-4287-AB0B-95A530F000CC}.AppStore|iPhone.ActiveCfg = Debug|Any CPU
		{9B46DFF8-C48C-4287-AB0B-95A530F000CC}.AppStore|iPhone.Build.0 = Debug|Any CPU
		{9B46DFF8-C48C-4287-AB0B-95A530F000CC}.AppStore|iPhoneSimulator.ActiveCfg = Debug|Any CPU
		{9B46DFF8-C48C-4287-AB0B-95A530F000CC}.AppStore|iPhoneSimulator.Build.0 = Debug|Any CPU
		{9B46DFF8-C48C-4287-AB0B-95A530F000CC}.AppStore|x64.ActiveCfg = Debug|Any CPU
		{9B46DFF8-C48C-4287-AB0B-95A530F000CC}.AppStore|x64.Build.0 = Debug|Any CPU
		{9B46DFF8-C48C-4287-AB0B-95A530F000CC}.AppStore|x86.ActiveCfg = Debug|Any CPU
		{9B46DFF8-C48C-4287-AB0B-95A530F000CC}.AppStore|x86.Build.0 = Debug|Any CPU
		{9B46DFF8-C48C-4287-AB0B-95A530F000CC}.Debug|Any CPU.ActiveCfg = Debug|Any CPU
		{9B46DFF8-C48C-4287-AB0B-95A530F000CC}.Debug|Any CPU.Build.0 = Debug|Any CPU
		{9B46DFF8-C48C-4287-AB0B-95A530F000CC}.Debug|ARM.ActiveCfg = Debug|Any CPU
		{9B46DFF8-C48C-4287-AB0B-95A530F000CC}.Debug|ARM.Build.0 = Debug|Any CPU
		{9B46DFF8-C48C-4287-AB0B-95A530F000CC}.Debug|iPhone.ActiveCfg = Debug|Any CPU
		{9B46DFF8-C48C-4287-AB0B-95A530F000CC}.Debug|iPhone.Build.0 = Debug|Any CPU
		{9B46DFF8-C48C-4287-AB0B-95A530F000CC}.Debug|iPhoneSimulator.ActiveCfg = Debug|Any CPU
		{9B46DFF8-C48C-4287-AB0B-95A530F000CC}.Debug|iPhoneSimulator.Build.0 = Debug|Any CPU
		{9B46DFF8-C48C-4287-AB0B-95A530F000CC}.Debug|x64.ActiveCfg = Debug|Any CPU
		{9B46DFF8-C48C-4287-AB0B-95A530F000CC}.Debug|x64.Build.0 = Debug|Any CPU
		{9B46DFF8-C48C-4287-AB0B-95A530F000CC}.Debug|x86.ActiveCfg = Debug|Any CPU
		{9B46DFF8-C48C-4287-AB0B-95A530F000CC}.Debug|x86.Build.0 = Debug|Any CPU
		{9B46DFF8-C48C-4287-AB0B-95A530F000CC}.Release|Any CPU.ActiveCfg = Release|Any CPU
		{9B46DFF8-C48C-4287-AB0B-95A530F000CC}.Release|Any CPU.Build.0 = Release|Any CPU
		{9B46DFF8-C48C-4287-AB0B-95A530F000CC}.Release|ARM.ActiveCfg = Release|Any CPU
		{9B46DFF8-C48C-4287-AB0B-95A530F000CC}.Release|ARM.Build.0 = Release|Any CPU
		{9B46DFF8-C48C-4287-AB0B-95A530F000CC}.Release|iPhone.ActiveCfg = Release|Any CPU
		{9B46DFF8-C48C-4287-AB0B-95A530F000CC}.Release|iPhone.Build.0 = Release|Any CPU
		{9B46DFF8-C48C-4287-AB0B-95A530F000CC}.Release|iPhoneSimulator.ActiveCfg = Release|Any CPU
		{9B46DFF8-C48C-4287-AB0B-95A530F000CC}.Release|iPhoneSimulator.Build.0 = Release|Any CPU
		{9B46DFF8-C48C-4287-AB0B-95A530F000CC}.Release|x64.ActiveCfg = Release|Any CPU
		{9B46DFF8-C48C-4287-AB0B-95A530F000CC}.Release|x64.Build.0 = Release|Any CPU
		{9B46DFF8-C48C-4287-AB0B-95A530F000CC}.Release|x86.ActiveCfg = Release|Any CPU
		{9B46DFF8-C48C-4287-AB0B-95A530F000CC}.Release|x86.Build.0 = Release|Any CPU
		{EBC5C14E-0421-4DA2-B936-763A5C244C73}.Ad-Hoc|Any CPU.ActiveCfg = Debug|Any CPU
		{EBC5C14E-0421-4DA2-B936-763A5C244C73}.Ad-Hoc|Any CPU.Build.0 = Debug|Any CPU
		{EBC5C14E-0421-4DA2-B936-763A5C244C73}.Ad-Hoc|ARM.ActiveCfg = Debug|Any CPU
		{EBC5C14E-0421-4DA2-B936-763A5C244C73}.Ad-Hoc|ARM.Build.0 = Debug|Any CPU
		{EBC5C14E-0421-4DA2-B936-763A5C244C73}.Ad-Hoc|iPhone.ActiveCfg = Debug|Any CPU
		{EBC5C14E-0421-4DA2-B936-763A5C244C73}.Ad-Hoc|iPhone.Build.0 = Debug|Any CPU
		{EBC5C14E-0421-4DA2-B936-763A5C244C73}.Ad-Hoc|iPhoneSimulator.ActiveCfg = Debug|Any CPU
		{EBC5C14E-0421-4DA2-B936-763A5C244C73}.Ad-Hoc|iPhoneSimulator.Build.0 = Debug|Any CPU
		{EBC5C14E-0421-4DA2-B936-763A5C244C73}.Ad-Hoc|x64.ActiveCfg = Debug|Any CPU
		{EBC5C14E-0421-4DA2-B936-763A5C244C73}.Ad-Hoc|x64.Build.0 = Debug|Any CPU
		{EBC5C14E-0421-4DA2-B936-763A5C244C73}.Ad-Hoc|x86.ActiveCfg = Debug|Any CPU
		{EBC5C14E-0421-4DA2-B936-763A5C244C73}.Ad-Hoc|x86.Build.0 = Debug|Any CPU
		{EBC5C14E-0421-4DA2-B936-763A5C244C73}.AppStore|Any CPU.ActiveCfg = Debug|Any CPU
		{EBC5C14E-0421-4DA2-B936-763A5C244C73}.AppStore|Any CPU.Build.0 = Debug|Any CPU
		{EBC5C14E-0421-4DA2-B936-763A5C244C73}.AppStore|ARM.ActiveCfg = Debug|Any CPU
		{EBC5C14E-0421-4DA2-B936-763A5C244C73}.AppStore|ARM.Build.0 = Debug|Any CPU
		{EBC5C14E-0421-4DA2-B936-763A5C244C73}.AppStore|iPhone.ActiveCfg = Debug|Any CPU
		{EBC5C14E-0421-4DA2-B936-763A5C244C73}.AppStore|iPhone.Build.0 = Debug|Any CPU
		{EBC5C14E-0421-4DA2-B936-763A5C244C73}.AppStore|iPhoneSimulator.ActiveCfg = Debug|Any CPU
		{EBC5C14E-0421-4DA2-B936-763A5C244C73}.AppStore|iPhoneSimulator.Build.0 = Debug|Any CPU
		{EBC5C14E-0421-4DA2-B936-763A5C244C73}.AppStore|x64.ActiveCfg = Debug|Any CPU
		{EBC5C14E-0421-4DA2-B936-763A5C244C73}.AppStore|x64.Build.0 = Debug|Any CPU
		{EBC5C14E-0421-4DA2-B936-763A5C244C73}.AppStore|x86.ActiveCfg = Debug|Any CPU
		{EBC5C14E-0421-4DA2-B936-763A5C244C73}.AppStore|x86.Build.0 = Debug|Any CPU
		{EBC5C14E-0421-4DA2-B936-763A5C244C73}.Debug|Any CPU.ActiveCfg = Debug|Any CPU
		{EBC5C14E-0421-4DA2-B936-763A5C244C73}.Debug|Any CPU.Build.0 = Debug|Any CPU
		{EBC5C14E-0421-4DA2-B936-763A5C244C73}.Debug|ARM.ActiveCfg = Debug|Any CPU
		{EBC5C14E-0421-4DA2-B936-763A5C244C73}.Debug|ARM.Build.0 = Debug|Any CPU
		{EBC5C14E-0421-4DA2-B936-763A5C244C73}.Debug|iPhone.ActiveCfg = Debug|Any CPU
		{EBC5C14E-0421-4DA2-B936-763A5C244C73}.Debug|iPhone.Build.0 = Debug|Any CPU
		{EBC5C14E-0421-4DA2-B936-763A5C244C73}.Debug|iPhoneSimulator.ActiveCfg = Debug|Any CPU
		{EBC5C14E-0421-4DA2-B936-763A5C244C73}.Debug|iPhoneSimulator.Build.0 = Debug|Any CPU
		{EBC5C14E-0421-4DA2-B936-763A5C244C73}.Debug|x64.ActiveCfg = Debug|Any CPU
		{EBC5C14E-0421-4DA2-B936-763A5C244C73}.Debug|x64.Build.0 = Debug|Any CPU
		{EBC5C14E-0421-4DA2-B936-763A5C244C73}.Debug|x86.ActiveCfg = Debug|Any CPU
		{EBC5C14E-0421-4DA2-B936-763A5C244C73}.Debug|x86.Build.0 = Debug|Any CPU
		{EBC5C14E-0421-4DA2-B936-763A5C244C73}.Release|Any CPU.ActiveCfg = Release|Any CPU
		{EBC5C14E-0421-4DA2-B936-763A5C244C73}.Release|Any CPU.Build.0 = Release|Any CPU
		{EBC5C14E-0421-4DA2-B936-763A5C244C73}.Release|ARM.ActiveCfg = Release|Any CPU
		{EBC5C14E-0421-4DA2-B936-763A5C244C73}.Release|ARM.Build.0 = Release|Any CPU
		{EBC5C14E-0421-4DA2-B936-763A5C244C73}.Release|iPhone.ActiveCfg = Release|Any CPU
		{EBC5C14E-0421-4DA2-B936-763A5C244C73}.Release|iPhone.Build.0 = Release|Any CPU
		{EBC5C14E-0421-4DA2-B936-763A5C244C73}.Release|iPhoneSimulator.ActiveCfg = Release|Any CPU
		{EBC5C14E-0421-4DA2-B936-763A5C244C73}.Release|iPhoneSimulator.Build.0 = Release|Any CPU
		{EBC5C14E-0421-4DA2-B936-763A5C244C73}.Release|x64.ActiveCfg = Release|Any CPU
		{EBC5C14E-0421-4DA2-B936-763A5C244C73}.Release|x64.Build.0 = Release|Any CPU
		{EBC5C14E-0421-4DA2-B936-763A5C244C73}.Release|x86.ActiveCfg = Release|Any CPU
		{EBC5C14E-0421-4DA2-B936-763A5C244C73}.Release|x86.Build.0 = Release|Any CPU
		{04635CA3-CAAE-4BBA-95E2-FDD1094E0F0B}.Ad-Hoc|Any CPU.ActiveCfg = Release|Any CPU
		{04635CA3-CAAE-4BBA-95E2-FDD1094E0F0B}.Ad-Hoc|Any CPU.Build.0 = Release|Any CPU
		{04635CA3-CAAE-4BBA-95E2-FDD1094E0F0B}.Ad-Hoc|ARM.ActiveCfg = Release|Any CPU
		{04635CA3-CAAE-4BBA-95E2-FDD1094E0F0B}.Ad-Hoc|ARM.Build.0 = Release|Any CPU
		{04635CA3-CAAE-4BBA-95E2-FDD1094E0F0B}.Ad-Hoc|iPhone.ActiveCfg = Release|Any CPU
		{04635CA3-CAAE-4BBA-95E2-FDD1094E0F0B}.Ad-Hoc|iPhone.Build.0 = Release|Any CPU
		{04635CA3-CAAE-4BBA-95E2-FDD1094E0F0B}.Ad-Hoc|iPhoneSimulator.ActiveCfg = Release|Any CPU
		{04635CA3-CAAE-4BBA-95E2-FDD1094E0F0B}.Ad-Hoc|iPhoneSimulator.Build.0 = Release|Any CPU
		{04635CA3-CAAE-4BBA-95E2-FDD1094E0F0B}.Ad-Hoc|x64.ActiveCfg = Release|Any CPU
		{04635CA3-CAAE-4BBA-95E2-FDD1094E0F0B}.Ad-Hoc|x64.Build.0 = Release|Any CPU
		{04635CA3-CAAE-4BBA-95E2-FDD1094E0F0B}.Ad-Hoc|x86.ActiveCfg = Release|Any CPU
		{04635CA3-CAAE-4BBA-95E2-FDD1094E0F0B}.Ad-Hoc|x86.Build.0 = Release|Any CPU
		{04635CA3-CAAE-4BBA-95E2-FDD1094E0F0B}.AppStore|Any CPU.ActiveCfg = Release|Any CPU
		{04635CA3-CAAE-4BBA-95E2-FDD1094E0F0B}.AppStore|Any CPU.Build.0 = Release|Any CPU
		{04635CA3-CAAE-4BBA-95E2-FDD1094E0F0B}.AppStore|ARM.ActiveCfg = Release|Any CPU
		{04635CA3-CAAE-4BBA-95E2-FDD1094E0F0B}.AppStore|ARM.Build.0 = Release|Any CPU
		{04635CA3-CAAE-4BBA-95E2-FDD1094E0F0B}.AppStore|iPhone.ActiveCfg = Release|Any CPU
		{04635CA3-CAAE-4BBA-95E2-FDD1094E0F0B}.AppStore|iPhone.Build.0 = Release|Any CPU
		{04635CA3-CAAE-4BBA-95E2-FDD1094E0F0B}.AppStore|iPhoneSimulator.ActiveCfg = Release|Any CPU
		{04635CA3-CAAE-4BBA-95E2-FDD1094E0F0B}.AppStore|iPhoneSimulator.Build.0 = Release|Any CPU
		{04635CA3-CAAE-4BBA-95E2-FDD1094E0F0B}.AppStore|x64.ActiveCfg = Release|Any CPU
		{04635CA3-CAAE-4BBA-95E2-FDD1094E0F0B}.AppStore|x64.Build.0 = Release|Any CPU
		{04635CA3-CAAE-4BBA-95E2-FDD1094E0F0B}.AppStore|x86.ActiveCfg = Release|Any CPU
		{04635CA3-CAAE-4BBA-95E2-FDD1094E0F0B}.AppStore|x86.Build.0 = Release|Any CPU
		{04635CA3-CAAE-4BBA-95E2-FDD1094E0F0B}.Debug|Any CPU.ActiveCfg = Debug|Any CPU
		{04635CA3-CAAE-4BBA-95E2-FDD1094E0F0B}.Debug|Any CPU.Build.0 = Debug|Any CPU
		{04635CA3-CAAE-4BBA-95E2-FDD1094E0F0B}.Debug|ARM.ActiveCfg = Debug|Any CPU
		{04635CA3-CAAE-4BBA-95E2-FDD1094E0F0B}.Debug|ARM.Build.0 = Debug|Any CPU
		{04635CA3-CAAE-4BBA-95E2-FDD1094E0F0B}.Debug|iPhone.ActiveCfg = Debug|Any CPU
		{04635CA3-CAAE-4BBA-95E2-FDD1094E0F0B}.Debug|iPhone.Build.0 = Debug|Any CPU
		{04635CA3-CAAE-4BBA-95E2-FDD1094E0F0B}.Debug|iPhoneSimulator.ActiveCfg = Debug|Any CPU
		{04635CA3-CAAE-4BBA-95E2-FDD1094E0F0B}.Debug|iPhoneSimulator.Build.0 = Debug|Any CPU
		{04635CA3-CAAE-4BBA-95E2-FDD1094E0F0B}.Debug|x64.ActiveCfg = Debug|Any CPU
		{04635CA3-CAAE-4BBA-95E2-FDD1094E0F0B}.Debug|x64.Build.0 = Debug|Any CPU
		{04635CA3-CAAE-4BBA-95E2-FDD1094E0F0B}.Debug|x86.ActiveCfg = Debug|Any CPU
		{04635CA3-CAAE-4BBA-95E2-FDD1094E0F0B}.Debug|x86.Build.0 = Debug|Any CPU
		{04635CA3-CAAE-4BBA-95E2-FDD1094E0F0B}.Release|Any CPU.ActiveCfg = Release|Any CPU
		{04635CA3-CAAE-4BBA-95E2-FDD1094E0F0B}.Release|Any CPU.Build.0 = Release|Any CPU
		{04635CA3-CAAE-4BBA-95E2-FDD1094E0F0B}.Release|ARM.ActiveCfg = Release|Any CPU
		{04635CA3-CAAE-4BBA-95E2-FDD1094E0F0B}.Release|ARM.Build.0 = Release|Any CPU
		{04635CA3-CAAE-4BBA-95E2-FDD1094E0F0B}.Release|iPhone.ActiveCfg = Release|Any CPU
		{04635CA3-CAAE-4BBA-95E2-FDD1094E0F0B}.Release|iPhone.Build.0 = Release|Any CPU
		{04635CA3-CAAE-4BBA-95E2-FDD1094E0F0B}.Release|iPhoneSimulator.ActiveCfg = Release|Any CPU
		{04635CA3-CAAE-4BBA-95E2-FDD1094E0F0B}.Release|iPhoneSimulator.Build.0 = Release|Any CPU
		{04635CA3-CAAE-4BBA-95E2-FDD1094E0F0B}.Release|x64.ActiveCfg = Release|Any CPU
		{04635CA3-CAAE-4BBA-95E2-FDD1094E0F0B}.Release|x64.Build.0 = Release|Any CPU
		{04635CA3-CAAE-4BBA-95E2-FDD1094E0F0B}.Release|x86.ActiveCfg = Release|Any CPU
		{04635CA3-CAAE-4BBA-95E2-FDD1094E0F0B}.Release|x86.Build.0 = Release|Any CPU
		{914B484E-7103-468A-8B66-C408460832F0}.Ad-Hoc|Any CPU.ActiveCfg = Release|Any CPU
		{914B484E-7103-468A-8B66-C408460832F0}.Ad-Hoc|Any CPU.Build.0 = Release|Any CPU
		{914B484E-7103-468A-8B66-C408460832F0}.Ad-Hoc|ARM.ActiveCfg = Release|Any CPU
		{914B484E-7103-468A-8B66-C408460832F0}.Ad-Hoc|ARM.Build.0 = Release|Any CPU
		{914B484E-7103-468A-8B66-C408460832F0}.Ad-Hoc|iPhone.ActiveCfg = Release|Any CPU
		{914B484E-7103-468A-8B66-C408460832F0}.Ad-Hoc|iPhone.Build.0 = Release|Any CPU
		{914B484E-7103-468A-8B66-C408460832F0}.Ad-Hoc|iPhoneSimulator.ActiveCfg = Release|Any CPU
		{914B484E-7103-468A-8B66-C408460832F0}.Ad-Hoc|iPhoneSimulator.Build.0 = Release|Any CPU
		{914B484E-7103-468A-8B66-C408460832F0}.Ad-Hoc|x64.ActiveCfg = Release|Any CPU
		{914B484E-7103-468A-8B66-C408460832F0}.Ad-Hoc|x64.Build.0 = Release|Any CPU
		{914B484E-7103-468A-8B66-C408460832F0}.Ad-Hoc|x86.ActiveCfg = Release|Any CPU
		{914B484E-7103-468A-8B66-C408460832F0}.Ad-Hoc|x86.Build.0 = Release|Any CPU
		{914B484E-7103-468A-8B66-C408460832F0}.AppStore|Any CPU.ActiveCfg = Release|Any CPU
		{914B484E-7103-468A-8B66-C408460832F0}.AppStore|Any CPU.Build.0 = Release|Any CPU
		{914B484E-7103-468A-8B66-C408460832F0}.AppStore|ARM.ActiveCfg = Release|Any CPU
		{914B484E-7103-468A-8B66-C408460832F0}.AppStore|ARM.Build.0 = Release|Any CPU
		{914B484E-7103-468A-8B66-C408460832F0}.AppStore|iPhone.ActiveCfg = Release|Any CPU
		{914B484E-7103-468A-8B66-C408460832F0}.AppStore|iPhone.Build.0 = Release|Any CPU
		{914B484E-7103-468A-8B66-C408460832F0}.AppStore|iPhoneSimulator.ActiveCfg = Release|Any CPU
		{914B484E-7103-468A-8B66-C408460832F0}.AppStore|iPhoneSimulator.Build.0 = Release|Any CPU
		{914B484E-7103-468A-8B66-C408460832F0}.AppStore|x64.ActiveCfg = Release|Any CPU
		{914B484E-7103-468A-8B66-C408460832F0}.AppStore|x64.Build.0 = Release|Any CPU
		{914B484E-7103-468A-8B66-C408460832F0}.AppStore|x86.ActiveCfg = Release|Any CPU
		{914B484E-7103-468A-8B66-C408460832F0}.AppStore|x86.Build.0 = Release|Any CPU
		{914B484E-7103-468A-8B66-C408460832F0}.Debug|Any CPU.ActiveCfg = Debug|Any CPU
		{914B484E-7103-468A-8B66-C408460832F0}.Debug|Any CPU.Build.0 = Debug|Any CPU
		{914B484E-7103-468A-8B66-C408460832F0}.Debug|ARM.ActiveCfg = Debug|Any CPU
		{914B484E-7103-468A-8B66-C408460832F0}.Debug|ARM.Build.0 = Debug|Any CPU
		{914B484E-7103-468A-8B66-C408460832F0}.Debug|iPhone.ActiveCfg = Debug|Any CPU
		{914B484E-7103-468A-8B66-C408460832F0}.Debug|iPhone.Build.0 = Debug|Any CPU
		{914B484E-7103-468A-8B66-C408460832F0}.Debug|iPhoneSimulator.ActiveCfg = Debug|Any CPU
		{914B484E-7103-468A-8B66-C408460832F0}.Debug|iPhoneSimulator.Build.0 = Debug|Any CPU
		{914B484E-7103-468A-8B66-C408460832F0}.Debug|x64.ActiveCfg = Debug|Any CPU
		{914B484E-7103-468A-8B66-C408460832F0}.Debug|x64.Build.0 = Debug|Any CPU
		{914B484E-7103-468A-8B66-C408460832F0}.Debug|x86.ActiveCfg = Debug|Any CPU
		{914B484E-7103-468A-8B66-C408460832F0}.Debug|x86.Build.0 = Debug|Any CPU
		{914B484E-7103-468A-8B66-C408460832F0}.Release|Any CPU.ActiveCfg = Release|Any CPU
		{914B484E-7103-468A-8B66-C408460832F0}.Release|Any CPU.Build.0 = Release|Any CPU
		{914B484E-7103-468A-8B66-C408460832F0}.Release|ARM.ActiveCfg = Release|Any CPU
		{914B484E-7103-468A-8B66-C408460832F0}.Release|ARM.Build.0 = Release|Any CPU
		{914B484E-7103-468A-8B66-C408460832F0}.Release|iPhone.ActiveCfg = Release|Any CPU
		{914B484E-7103-468A-8B66-C408460832F0}.Release|iPhone.Build.0 = Release|Any CPU
		{914B484E-7103-468A-8B66-C408460832F0}.Release|iPhoneSimulator.ActiveCfg = Release|Any CPU
		{914B484E-7103-468A-8B66-C408460832F0}.Release|iPhoneSimulator.Build.0 = Release|Any CPU
		{914B484E-7103-468A-8B66-C408460832F0}.Release|x64.ActiveCfg = Release|Any CPU
		{914B484E-7103-468A-8B66-C408460832F0}.Release|x64.Build.0 = Release|Any CPU
		{914B484E-7103-468A-8B66-C408460832F0}.Release|x86.ActiveCfg = Release|Any CPU
		{914B484E-7103-468A-8B66-C408460832F0}.Release|x86.Build.0 = Release|Any CPU
		{A0991CF6-5C0A-4BE0-BD0F-233DCC3D5A61}.Ad-Hoc|Any CPU.ActiveCfg = Release|Any CPU
		{A0991CF6-5C0A-4BE0-BD0F-233DCC3D5A61}.Ad-Hoc|Any CPU.Build.0 = Release|Any CPU
		{A0991CF6-5C0A-4BE0-BD0F-233DCC3D5A61}.Ad-Hoc|Any CPU.Deploy.0 = Release|Any CPU
		{A0991CF6-5C0A-4BE0-BD0F-233DCC3D5A61}.Ad-Hoc|ARM.ActiveCfg = Release|Any CPU
		{A0991CF6-5C0A-4BE0-BD0F-233DCC3D5A61}.Ad-Hoc|ARM.Build.0 = Release|Any CPU
		{A0991CF6-5C0A-4BE0-BD0F-233DCC3D5A61}.Ad-Hoc|ARM.Deploy.0 = Release|Any CPU
		{A0991CF6-5C0A-4BE0-BD0F-233DCC3D5A61}.Ad-Hoc|iPhone.ActiveCfg = Release|Any CPU
		{A0991CF6-5C0A-4BE0-BD0F-233DCC3D5A61}.Ad-Hoc|iPhone.Build.0 = Release|Any CPU
		{A0991CF6-5C0A-4BE0-BD0F-233DCC3D5A61}.Ad-Hoc|iPhone.Deploy.0 = Release|Any CPU
		{A0991CF6-5C0A-4BE0-BD0F-233DCC3D5A61}.Ad-Hoc|iPhoneSimulator.ActiveCfg = Release|Any CPU
		{A0991CF6-5C0A-4BE0-BD0F-233DCC3D5A61}.Ad-Hoc|iPhoneSimulator.Build.0 = Release|Any CPU
		{A0991CF6-5C0A-4BE0-BD0F-233DCC3D5A61}.Ad-Hoc|iPhoneSimulator.Deploy.0 = Release|Any CPU
		{A0991CF6-5C0A-4BE0-BD0F-233DCC3D5A61}.Ad-Hoc|x64.ActiveCfg = Release|Any CPU
		{A0991CF6-5C0A-4BE0-BD0F-233DCC3D5A61}.Ad-Hoc|x64.Build.0 = Release|Any CPU
		{A0991CF6-5C0A-4BE0-BD0F-233DCC3D5A61}.Ad-Hoc|x64.Deploy.0 = Release|Any CPU
		{A0991CF6-5C0A-4BE0-BD0F-233DCC3D5A61}.Ad-Hoc|x86.ActiveCfg = Release|Any CPU
		{A0991CF6-5C0A-4BE0-BD0F-233DCC3D5A61}.Ad-Hoc|x86.Build.0 = Release|Any CPU
		{A0991CF6-5C0A-4BE0-BD0F-233DCC3D5A61}.Ad-Hoc|x86.Deploy.0 = Release|Any CPU
		{A0991CF6-5C0A-4BE0-BD0F-233DCC3D5A61}.AppStore|Any CPU.ActiveCfg = Release|Any CPU
		{A0991CF6-5C0A-4BE0-BD0F-233DCC3D5A61}.AppStore|Any CPU.Build.0 = Release|Any CPU
		{A0991CF6-5C0A-4BE0-BD0F-233DCC3D5A61}.AppStore|Any CPU.Deploy.0 = Release|Any CPU
		{A0991CF6-5C0A-4BE0-BD0F-233DCC3D5A61}.AppStore|ARM.ActiveCfg = Release|Any CPU
		{A0991CF6-5C0A-4BE0-BD0F-233DCC3D5A61}.AppStore|ARM.Build.0 = Release|Any CPU
		{A0991CF6-5C0A-4BE0-BD0F-233DCC3D5A61}.AppStore|ARM.Deploy.0 = Release|Any CPU
		{A0991CF6-5C0A-4BE0-BD0F-233DCC3D5A61}.AppStore|iPhone.ActiveCfg = Release|Any CPU
		{A0991CF6-5C0A-4BE0-BD0F-233DCC3D5A61}.AppStore|iPhone.Build.0 = Release|Any CPU
		{A0991CF6-5C0A-4BE0-BD0F-233DCC3D5A61}.AppStore|iPhone.Deploy.0 = Release|Any CPU
		{A0991CF6-5C0A-4BE0-BD0F-233DCC3D5A61}.AppStore|iPhoneSimulator.ActiveCfg = Release|Any CPU
		{A0991CF6-5C0A-4BE0-BD0F-233DCC3D5A61}.AppStore|iPhoneSimulator.Build.0 = Release|Any CPU
		{A0991CF6-5C0A-4BE0-BD0F-233DCC3D5A61}.AppStore|iPhoneSimulator.Deploy.0 = Release|Any CPU
		{A0991CF6-5C0A-4BE0-BD0F-233DCC3D5A61}.AppStore|x64.ActiveCfg = Release|Any CPU
		{A0991CF6-5C0A-4BE0-BD0F-233DCC3D5A61}.AppStore|x64.Build.0 = Release|Any CPU
		{A0991CF6-5C0A-4BE0-BD0F-233DCC3D5A61}.AppStore|x64.Deploy.0 = Release|Any CPU
		{A0991CF6-5C0A-4BE0-BD0F-233DCC3D5A61}.AppStore|x86.ActiveCfg = Release|Any CPU
		{A0991CF6-5C0A-4BE0-BD0F-233DCC3D5A61}.AppStore|x86.Build.0 = Release|Any CPU
		{A0991CF6-5C0A-4BE0-BD0F-233DCC3D5A61}.AppStore|x86.Deploy.0 = Release|Any CPU
		{A0991CF6-5C0A-4BE0-BD0F-233DCC3D5A61}.Debug|Any CPU.ActiveCfg = Debug|Any CPU
		{A0991CF6-5C0A-4BE0-BD0F-233DCC3D5A61}.Debug|Any CPU.Build.0 = Debug|Any CPU
		{A0991CF6-5C0A-4BE0-BD0F-233DCC3D5A61}.Debug|Any CPU.Deploy.0 = Debug|Any CPU
		{A0991CF6-5C0A-4BE0-BD0F-233DCC3D5A61}.Debug|ARM.ActiveCfg = Debug|Any CPU
		{A0991CF6-5C0A-4BE0-BD0F-233DCC3D5A61}.Debug|ARM.Build.0 = Debug|Any CPU
		{A0991CF6-5C0A-4BE0-BD0F-233DCC3D5A61}.Debug|ARM.Deploy.0 = Debug|Any CPU
		{A0991CF6-5C0A-4BE0-BD0F-233DCC3D5A61}.Debug|iPhone.ActiveCfg = Debug|Any CPU
		{A0991CF6-5C0A-4BE0-BD0F-233DCC3D5A61}.Debug|iPhone.Build.0 = Debug|Any CPU
		{A0991CF6-5C0A-4BE0-BD0F-233DCC3D5A61}.Debug|iPhone.Deploy.0 = Debug|Any CPU
		{A0991CF6-5C0A-4BE0-BD0F-233DCC3D5A61}.Debug|iPhoneSimulator.ActiveCfg = Debug|Any CPU
		{A0991CF6-5C0A-4BE0-BD0F-233DCC3D5A61}.Debug|iPhoneSimulator.Build.0 = Debug|Any CPU
		{A0991CF6-5C0A-4BE0-BD0F-233DCC3D5A61}.Debug|iPhoneSimulator.Deploy.0 = Debug|Any CPU
		{A0991CF6-5C0A-4BE0-BD0F-233DCC3D5A61}.Debug|x64.ActiveCfg = Debug|Any CPU
		{A0991CF6-5C0A-4BE0-BD0F-233DCC3D5A61}.Debug|x64.Build.0 = Debug|Any CPU
		{A0991CF6-5C0A-4BE0-BD0F-233DCC3D5A61}.Debug|x64.Deploy.0 = Debug|Any CPU
		{A0991CF6-5C0A-4BE0-BD0F-233DCC3D5A61}.Debug|x86.ActiveCfg = Debug|Any CPU
		{A0991CF6-5C0A-4BE0-BD0F-233DCC3D5A61}.Debug|x86.Build.0 = Debug|Any CPU
		{A0991CF6-5C0A-4BE0-BD0F-233DCC3D5A61}.Debug|x86.Deploy.0 = Debug|Any CPU
		{A0991CF6-5C0A-4BE0-BD0F-233DCC3D5A61}.Release|Any CPU.ActiveCfg = Release|Any CPU
		{A0991CF6-5C0A-4BE0-BD0F-233DCC3D5A61}.Release|Any CPU.Build.0 = Release|Any CPU
		{A0991CF6-5C0A-4BE0-BD0F-233DCC3D5A61}.Release|Any CPU.Deploy.0 = Release|Any CPU
		{A0991CF6-5C0A-4BE0-BD0F-233DCC3D5A61}.Release|ARM.ActiveCfg = Release|Any CPU
		{A0991CF6-5C0A-4BE0-BD0F-233DCC3D5A61}.Release|ARM.Build.0 = Release|Any CPU
		{A0991CF6-5C0A-4BE0-BD0F-233DCC3D5A61}.Release|ARM.Deploy.0 = Release|Any CPU
		{A0991CF6-5C0A-4BE0-BD0F-233DCC3D5A61}.Release|iPhone.ActiveCfg = Release|Any CPU
		{A0991CF6-5C0A-4BE0-BD0F-233DCC3D5A61}.Release|iPhone.Build.0 = Release|Any CPU
		{A0991CF6-5C0A-4BE0-BD0F-233DCC3D5A61}.Release|iPhone.Deploy.0 = Release|Any CPU
		{A0991CF6-5C0A-4BE0-BD0F-233DCC3D5A61}.Release|iPhoneSimulator.ActiveCfg = Release|Any CPU
		{A0991CF6-5C0A-4BE0-BD0F-233DCC3D5A61}.Release|iPhoneSimulator.Build.0 = Release|Any CPU
		{A0991CF6-5C0A-4BE0-BD0F-233DCC3D5A61}.Release|iPhoneSimulator.Deploy.0 = Release|Any CPU
		{A0991CF6-5C0A-4BE0-BD0F-233DCC3D5A61}.Release|x64.ActiveCfg = Release|Any CPU
		{A0991CF6-5C0A-4BE0-BD0F-233DCC3D5A61}.Release|x64.Build.0 = Release|Any CPU
		{A0991CF6-5C0A-4BE0-BD0F-233DCC3D5A61}.Release|x64.Deploy.0 = Release|Any CPU
		{A0991CF6-5C0A-4BE0-BD0F-233DCC3D5A61}.Release|x86.ActiveCfg = Release|Any CPU
		{A0991CF6-5C0A-4BE0-BD0F-233DCC3D5A61}.Release|x86.Build.0 = Release|Any CPU
		{A0991CF6-5C0A-4BE0-BD0F-233DCC3D5A61}.Release|x86.Deploy.0 = Release|Any CPU
		{169537B7-6E58-4F7D-AE11-C637A690475E}.Ad-Hoc|Any CPU.ActiveCfg = Ad-Hoc|iPhone
		{169537B7-6E58-4F7D-AE11-C637A690475E}.Ad-Hoc|ARM.ActiveCfg = Ad-Hoc|iPhone
		{169537B7-6E58-4F7D-AE11-C637A690475E}.Ad-Hoc|iPhone.ActiveCfg = Ad-Hoc|iPhone
		{169537B7-6E58-4F7D-AE11-C637A690475E}.Ad-Hoc|iPhone.Build.0 = Ad-Hoc|iPhone
		{169537B7-6E58-4F7D-AE11-C637A690475E}.Ad-Hoc|iPhoneSimulator.ActiveCfg = Ad-Hoc|iPhoneSimulator
		{169537B7-6E58-4F7D-AE11-C637A690475E}.Ad-Hoc|iPhoneSimulator.Build.0 = Ad-Hoc|iPhoneSimulator
		{169537B7-6E58-4F7D-AE11-C637A690475E}.Ad-Hoc|x64.ActiveCfg = Ad-Hoc|iPhone
		{169537B7-6E58-4F7D-AE11-C637A690475E}.Ad-Hoc|x86.ActiveCfg = Ad-Hoc|iPhone
		{169537B7-6E58-4F7D-AE11-C637A690475E}.AppStore|Any CPU.ActiveCfg = AppStore|iPhone
		{169537B7-6E58-4F7D-AE11-C637A690475E}.AppStore|ARM.ActiveCfg = AppStore|iPhone
		{169537B7-6E58-4F7D-AE11-C637A690475E}.AppStore|iPhone.ActiveCfg = AppStore|iPhone
		{169537B7-6E58-4F7D-AE11-C637A690475E}.AppStore|iPhone.Build.0 = AppStore|iPhone
		{169537B7-6E58-4F7D-AE11-C637A690475E}.AppStore|iPhoneSimulator.ActiveCfg = AppStore|iPhoneSimulator
		{169537B7-6E58-4F7D-AE11-C637A690475E}.AppStore|iPhoneSimulator.Build.0 = AppStore|iPhoneSimulator
		{169537B7-6E58-4F7D-AE11-C637A690475E}.AppStore|x64.ActiveCfg = AppStore|iPhone
		{169537B7-6E58-4F7D-AE11-C637A690475E}.AppStore|x86.ActiveCfg = AppStore|iPhone
		{169537B7-6E58-4F7D-AE11-C637A690475E}.Debug|Any CPU.ActiveCfg = Debug|iPhone
		{169537B7-6E58-4F7D-AE11-C637A690475E}.Debug|ARM.ActiveCfg = Debug|iPhone
		{169537B7-6E58-4F7D-AE11-C637A690475E}.Debug|iPhone.ActiveCfg = Debug|iPhone
		{169537B7-6E58-4F7D-AE11-C637A690475E}.Debug|iPhone.Build.0 = Debug|iPhone
		{169537B7-6E58-4F7D-AE11-C637A690475E}.Debug|iPhoneSimulator.ActiveCfg = Debug|iPhoneSimulator
		{169537B7-6E58-4F7D-AE11-C637A690475E}.Debug|iPhoneSimulator.Build.0 = Debug|iPhoneSimulator
		{169537B7-6E58-4F7D-AE11-C637A690475E}.Debug|x64.ActiveCfg = Debug|iPhone
		{169537B7-6E58-4F7D-AE11-C637A690475E}.Debug|x86.ActiveCfg = Debug|iPhone
		{169537B7-6E58-4F7D-AE11-C637A690475E}.Release|Any CPU.ActiveCfg = Release|iPhone
		{169537B7-6E58-4F7D-AE11-C637A690475E}.Release|ARM.ActiveCfg = Release|iPhone
		{169537B7-6E58-4F7D-AE11-C637A690475E}.Release|iPhone.ActiveCfg = Release|iPhone
		{169537B7-6E58-4F7D-AE11-C637A690475E}.Release|iPhone.Build.0 = Release|iPhone
		{169537B7-6E58-4F7D-AE11-C637A690475E}.Release|iPhoneSimulator.ActiveCfg = Release|iPhoneSimulator
		{169537B7-6E58-4F7D-AE11-C637A690475E}.Release|iPhoneSimulator.Build.0 = Release|iPhoneSimulator
		{169537B7-6E58-4F7D-AE11-C637A690475E}.Release|x64.ActiveCfg = Release|iPhone
		{169537B7-6E58-4F7D-AE11-C637A690475E}.Release|x86.ActiveCfg = Release|iPhone
		{56030003-7F1A-4861-9FDC-B35AD8DFA35E}.Ad-Hoc|Any CPU.ActiveCfg = Release|x86
		{56030003-7F1A-4861-9FDC-B35AD8DFA35E}.Ad-Hoc|Any CPU.Build.0 = Release|x86
		{56030003-7F1A-4861-9FDC-B35AD8DFA35E}.Ad-Hoc|Any CPU.Deploy.0 = Release|x86
		{56030003-7F1A-4861-9FDC-B35AD8DFA35E}.Ad-Hoc|ARM.ActiveCfg = Release|ARM
		{56030003-7F1A-4861-9FDC-B35AD8DFA35E}.Ad-Hoc|ARM.Build.0 = Release|ARM
		{56030003-7F1A-4861-9FDC-B35AD8DFA35E}.Ad-Hoc|ARM.Deploy.0 = Release|ARM
		{56030003-7F1A-4861-9FDC-B35AD8DFA35E}.Ad-Hoc|iPhone.ActiveCfg = Release|x86
		{56030003-7F1A-4861-9FDC-B35AD8DFA35E}.Ad-Hoc|iPhone.Build.0 = Release|x86
		{56030003-7F1A-4861-9FDC-B35AD8DFA35E}.Ad-Hoc|iPhone.Deploy.0 = Release|x86
		{56030003-7F1A-4861-9FDC-B35AD8DFA35E}.Ad-Hoc|iPhoneSimulator.ActiveCfg = Release|x86
		{56030003-7F1A-4861-9FDC-B35AD8DFA35E}.Ad-Hoc|iPhoneSimulator.Build.0 = Release|x86
		{56030003-7F1A-4861-9FDC-B35AD8DFA35E}.Ad-Hoc|iPhoneSimulator.Deploy.0 = Release|x86
		{56030003-7F1A-4861-9FDC-B35AD8DFA35E}.Ad-Hoc|x64.ActiveCfg = Release|x64
		{56030003-7F1A-4861-9FDC-B35AD8DFA35E}.Ad-Hoc|x64.Build.0 = Release|x64
		{56030003-7F1A-4861-9FDC-B35AD8DFA35E}.Ad-Hoc|x64.Deploy.0 = Release|x64
		{56030003-7F1A-4861-9FDC-B35AD8DFA35E}.Ad-Hoc|x86.ActiveCfg = Release|x86
		{56030003-7F1A-4861-9FDC-B35AD8DFA35E}.Ad-Hoc|x86.Build.0 = Release|x86
		{56030003-7F1A-4861-9FDC-B35AD8DFA35E}.Ad-Hoc|x86.Deploy.0 = Release|x86
		{56030003-7F1A-4861-9FDC-B35AD8DFA35E}.AppStore|Any CPU.ActiveCfg = Release|x86
		{56030003-7F1A-4861-9FDC-B35AD8DFA35E}.AppStore|Any CPU.Build.0 = Release|x86
		{56030003-7F1A-4861-9FDC-B35AD8DFA35E}.AppStore|Any CPU.Deploy.0 = Release|x86
		{56030003-7F1A-4861-9FDC-B35AD8DFA35E}.AppStore|ARM.ActiveCfg = Release|ARM
		{56030003-7F1A-4861-9FDC-B35AD8DFA35E}.AppStore|ARM.Build.0 = Release|ARM
		{56030003-7F1A-4861-9FDC-B35AD8DFA35E}.AppStore|ARM.Deploy.0 = Release|ARM
		{56030003-7F1A-4861-9FDC-B35AD8DFA35E}.AppStore|iPhone.ActiveCfg = Release|x86
		{56030003-7F1A-4861-9FDC-B35AD8DFA35E}.AppStore|iPhone.Build.0 = Release|x86
		{56030003-7F1A-4861-9FDC-B35AD8DFA35E}.AppStore|iPhone.Deploy.0 = Release|x86
		{56030003-7F1A-4861-9FDC-B35AD8DFA35E}.AppStore|iPhoneSimulator.ActiveCfg = Release|x86
		{56030003-7F1A-4861-9FDC-B35AD8DFA35E}.AppStore|iPhoneSimulator.Build.0 = Release|x86
		{56030003-7F1A-4861-9FDC-B35AD8DFA35E}.AppStore|iPhoneSimulator.Deploy.0 = Release|x86
		{56030003-7F1A-4861-9FDC-B35AD8DFA35E}.AppStore|x64.ActiveCfg = Release|x64
		{56030003-7F1A-4861-9FDC-B35AD8DFA35E}.AppStore|x64.Build.0 = Release|x64
		{56030003-7F1A-4861-9FDC-B35AD8DFA35E}.AppStore|x64.Deploy.0 = Release|x64
		{56030003-7F1A-4861-9FDC-B35AD8DFA35E}.AppStore|x86.ActiveCfg = Release|x86
		{56030003-7F1A-4861-9FDC-B35AD8DFA35E}.AppStore|x86.Build.0 = Release|x86
		{56030003-7F1A-4861-9FDC-B35AD8DFA35E}.AppStore|x86.Deploy.0 = Release|x86
		{56030003-7F1A-4861-9FDC-B35AD8DFA35E}.Debug|Any CPU.ActiveCfg = Debug|x86
		{56030003-7F1A-4861-9FDC-B35AD8DFA35E}.Debug|ARM.ActiveCfg = Debug|ARM
		{56030003-7F1A-4861-9FDC-B35AD8DFA35E}.Debug|ARM.Build.0 = Debug|ARM
		{56030003-7F1A-4861-9FDC-B35AD8DFA35E}.Debug|ARM.Deploy.0 = Debug|ARM
		{56030003-7F1A-4861-9FDC-B35AD8DFA35E}.Debug|iPhone.ActiveCfg = Debug|x86
		{56030003-7F1A-4861-9FDC-B35AD8DFA35E}.Debug|iPhoneSimulator.ActiveCfg = Debug|x86
		{56030003-7F1A-4861-9FDC-B35AD8DFA35E}.Debug|x64.ActiveCfg = Debug|x64
		{56030003-7F1A-4861-9FDC-B35AD8DFA35E}.Debug|x64.Build.0 = Debug|x64
		{56030003-7F1A-4861-9FDC-B35AD8DFA35E}.Debug|x64.Deploy.0 = Debug|x64
		{56030003-7F1A-4861-9FDC-B35AD8DFA35E}.Debug|x86.ActiveCfg = Debug|x86
		{56030003-7F1A-4861-9FDC-B35AD8DFA35E}.Debug|x86.Build.0 = Debug|x86
		{56030003-7F1A-4861-9FDC-B35AD8DFA35E}.Debug|x86.Deploy.0 = Debug|x86
		{56030003-7F1A-4861-9FDC-B35AD8DFA35E}.Release|Any CPU.ActiveCfg = Release|x86
		{56030003-7F1A-4861-9FDC-B35AD8DFA35E}.Release|ARM.ActiveCfg = Release|ARM
		{56030003-7F1A-4861-9FDC-B35AD8DFA35E}.Release|ARM.Build.0 = Release|ARM
		{56030003-7F1A-4861-9FDC-B35AD8DFA35E}.Release|ARM.Deploy.0 = Release|ARM
		{56030003-7F1A-4861-9FDC-B35AD8DFA35E}.Release|iPhone.ActiveCfg = Release|x86
		{56030003-7F1A-4861-9FDC-B35AD8DFA35E}.Release|iPhoneSimulator.ActiveCfg = Release|x86
		{56030003-7F1A-4861-9FDC-B35AD8DFA35E}.Release|x64.ActiveCfg = Release|x64
		{56030003-7F1A-4861-9FDC-B35AD8DFA35E}.Release|x64.Build.0 = Release|x64
		{56030003-7F1A-4861-9FDC-B35AD8DFA35E}.Release|x64.Deploy.0 = Release|x64
		{56030003-7F1A-4861-9FDC-B35AD8DFA35E}.Release|x86.ActiveCfg = Release|x86
		{56030003-7F1A-4861-9FDC-B35AD8DFA35E}.Release|x86.Build.0 = Release|x86
		{56030003-7F1A-4861-9FDC-B35AD8DFA35E}.Release|x86.Deploy.0 = Release|x86
		{FABB463B-09B2-402E-9DCB-575CB8248275}.Ad-Hoc|Any CPU.ActiveCfg = Debug|Any CPU
		{FABB463B-09B2-402E-9DCB-575CB8248275}.Ad-Hoc|Any CPU.Build.0 = Debug|Any CPU
		{FABB463B-09B2-402E-9DCB-575CB8248275}.Ad-Hoc|ARM.ActiveCfg = Debug|Any CPU
		{FABB463B-09B2-402E-9DCB-575CB8248275}.Ad-Hoc|ARM.Build.0 = Debug|Any CPU
		{FABB463B-09B2-402E-9DCB-575CB8248275}.Ad-Hoc|iPhone.ActiveCfg = Debug|Any CPU
		{FABB463B-09B2-402E-9DCB-575CB8248275}.Ad-Hoc|iPhone.Build.0 = Debug|Any CPU
		{FABB463B-09B2-402E-9DCB-575CB8248275}.Ad-Hoc|iPhoneSimulator.ActiveCfg = Debug|Any CPU
		{FABB463B-09B2-402E-9DCB-575CB8248275}.Ad-Hoc|iPhoneSimulator.Build.0 = Debug|Any CPU
		{FABB463B-09B2-402E-9DCB-575CB8248275}.Ad-Hoc|x64.ActiveCfg = Debug|Any CPU
		{FABB463B-09B2-402E-9DCB-575CB8248275}.Ad-Hoc|x64.Build.0 = Debug|Any CPU
		{FABB463B-09B2-402E-9DCB-575CB8248275}.Ad-Hoc|x86.ActiveCfg = Debug|Any CPU
		{FABB463B-09B2-402E-9DCB-575CB8248275}.Ad-Hoc|x86.Build.0 = Debug|Any CPU
		{FABB463B-09B2-402E-9DCB-575CB8248275}.AppStore|Any CPU.ActiveCfg = Debug|Any CPU
		{FABB463B-09B2-402E-9DCB-575CB8248275}.AppStore|Any CPU.Build.0 = Debug|Any CPU
		{FABB463B-09B2-402E-9DCB-575CB8248275}.AppStore|ARM.ActiveCfg = Debug|Any CPU
		{FABB463B-09B2-402E-9DCB-575CB8248275}.AppStore|ARM.Build.0 = Debug|Any CPU
		{FABB463B-09B2-402E-9DCB-575CB8248275}.AppStore|iPhone.ActiveCfg = Debug|Any CPU
		{FABB463B-09B2-402E-9DCB-575CB8248275}.AppStore|iPhone.Build.0 = Debug|Any CPU
		{FABB463B-09B2-402E-9DCB-575CB8248275}.AppStore|iPhoneSimulator.ActiveCfg = Debug|Any CPU
		{FABB463B-09B2-402E-9DCB-575CB8248275}.AppStore|iPhoneSimulator.Build.0 = Debug|Any CPU
		{FABB463B-09B2-402E-9DCB-575CB8248275}.AppStore|x64.ActiveCfg = Debug|Any CPU
		{FABB463B-09B2-402E-9DCB-575CB8248275}.AppStore|x64.Build.0 = Debug|Any CPU
		{FABB463B-09B2-402E-9DCB-575CB8248275}.AppStore|x86.ActiveCfg = Debug|Any CPU
		{FABB463B-09B2-402E-9DCB-575CB8248275}.AppStore|x86.Build.0 = Debug|Any CPU
		{FABB463B-09B2-402E-9DCB-575CB8248275}.Debug|Any CPU.ActiveCfg = Debug|Any CPU
		{FABB463B-09B2-402E-9DCB-575CB8248275}.Debug|Any CPU.Build.0 = Debug|Any CPU
		{FABB463B-09B2-402E-9DCB-575CB8248275}.Debug|ARM.ActiveCfg = Debug|Any CPU
		{FABB463B-09B2-402E-9DCB-575CB8248275}.Debug|ARM.Build.0 = Debug|Any CPU
		{FABB463B-09B2-402E-9DCB-575CB8248275}.Debug|iPhone.ActiveCfg = Debug|Any CPU
		{FABB463B-09B2-402E-9DCB-575CB8248275}.Debug|iPhone.Build.0 = Debug|Any CPU
		{FABB463B-09B2-402E-9DCB-575CB8248275}.Debug|iPhoneSimulator.ActiveCfg = Debug|Any CPU
		{FABB463B-09B2-402E-9DCB-575CB8248275}.Debug|iPhoneSimulator.Build.0 = Debug|Any CPU
		{FABB463B-09B2-402E-9DCB-575CB8248275}.Debug|x64.ActiveCfg = Debug|Any CPU
		{FABB463B-09B2-402E-9DCB-575CB8248275}.Debug|x64.Build.0 = Debug|Any CPU
		{FABB463B-09B2-402E-9DCB-575CB8248275}.Debug|x86.ActiveCfg = Debug|Any CPU
		{FABB463B-09B2-402E-9DCB-575CB8248275}.Debug|x86.Build.0 = Debug|Any CPU
		{FABB463B-09B2-402E-9DCB-575CB8248275}.Release|Any CPU.ActiveCfg = Release|Any CPU
		{FABB463B-09B2-402E-9DCB-575CB8248275}.Release|Any CPU.Build.0 = Release|Any CPU
		{FABB463B-09B2-402E-9DCB-575CB8248275}.Release|ARM.ActiveCfg = Release|Any CPU
		{FABB463B-09B2-402E-9DCB-575CB8248275}.Release|ARM.Build.0 = Release|Any CPU
		{FABB463B-09B2-402E-9DCB-575CB8248275}.Release|iPhone.ActiveCfg = Release|Any CPU
		{FABB463B-09B2-402E-9DCB-575CB8248275}.Release|iPhone.Build.0 = Release|Any CPU
		{FABB463B-09B2-402E-9DCB-575CB8248275}.Release|iPhoneSimulator.ActiveCfg = Release|Any CPU
		{FABB463B-09B2-402E-9DCB-575CB8248275}.Release|iPhoneSimulator.Build.0 = Release|Any CPU
		{FABB463B-09B2-402E-9DCB-575CB8248275}.Release|x64.ActiveCfg = Release|Any CPU
		{FABB463B-09B2-402E-9DCB-575CB8248275}.Release|x64.Build.0 = Release|Any CPU
		{FABB463B-09B2-402E-9DCB-575CB8248275}.Release|x86.ActiveCfg = Release|Any CPU
		{FABB463B-09B2-402E-9DCB-575CB8248275}.Release|x86.Build.0 = Release|Any CPU
	EndGlobalSection
	GlobalSection(SolutionProperties) = preSolution
		HideSolutionNode = FALSE
	EndGlobalSection
	GlobalSection(NestedProjects) = preSolution
		{DDBEA19E-1CB5-4BFF-9488-5E0682085CC1} = {FCA4C5A0-D551-4C7D-99A4-0A3646B6A581}
		{B4C74547-51FA-4EDB-BBC1-9B78E9319F1C} = {655B3EB6-3D49-415C-B3ED-47D6756E4691}
		{9A1F78CD-2673-4290-90D0-7B8386176EE5} = {3682DF71-7C56-4EEF-B688-76701A9626CE}
		{9B46DFF8-C48C-4287-AB0B-95A530F000CC} = {3682DF71-7C56-4EEF-B688-76701A9626CE}
		{EBC5C14E-0421-4DA2-B936-763A5C244C73} = {902C128A-921E-423D-890A-AE27FD7F9C61}
		{04635CA3-CAAE-4BBA-95E2-FDD1094E0F0B} = {0F5F6A67-0F4C-494A-83E5-5A813C7EE4C0}
		{00EACAED-6383-4EDD-B060-DC59D5547FC3} = {FCA4C5A0-D551-4C7D-99A4-0A3646B6A581}
		{914B484E-7103-468A-8B66-C408460832F0} = {00EACAED-6383-4EDD-B060-DC59D5547FC3}
		{A0991CF6-5C0A-4BE0-BD0F-233DCC3D5A61} = {DDBEA19E-1CB5-4BFF-9488-5E0682085CC1}
		{169537B7-6E58-4F7D-AE11-C637A690475E} = {DDBEA19E-1CB5-4BFF-9488-5E0682085CC1}
		{56030003-7F1A-4861-9FDC-B35AD8DFA35E} = {DDBEA19E-1CB5-4BFF-9488-5E0682085CC1}
		{FABB463B-09B2-402E-9DCB-575CB8248275} = {DDBEA19E-1CB5-4BFF-9488-5E0682085CC1}
	EndGlobalSection
	GlobalSection(ExtensibilityGlobals) = postSolution
		SolutionGuid = {585C56A6-8EA9-4551-A73C-EAF7BFAB5FFF}
	EndGlobalSection
EndGlobal
